{
    "claviska/simpleimage": {
        "version": "3.3.4"
    },
    "doctrine/data-fixtures": {
        "version": "1.4.3"
    },
    "doctrine/doctrine-fixtures-bundle": {
        "version": "3.0",
        "recipe": {
            "repo": "github.com/symfony/recipes",
            "branch": "master",
            "version": "3.0",
            "ref": "fc52d86631a6dfd9fdf3381d0b7e3df2069e51b3"
        },
        "files": [
            "src/DataFixtures/AppFixtures.php"
        ]
    },
    "fzaninotto/faker": {
        "version": "v1.9.1"
    },
    "gsylvestre/symfony-faker-fixtures": {
        "version": "v2.0.1"
    },
    "league/color-extractor": {
        "version": "0.3.2"
    },
    "php": {
        "version": "7.4"
    }
}
